
Microsoft Visual Studio Solution File, Format Version 12.00
# Visual Studio 2012
Project("{FAE04EC0-301F-11D3-BF4B-00C04F79EFBC}") = "Problem_1.Shapes", "Problem_1.Shapes\Problem_1.Shapes.csproj", "{3712C0E2-1E52-4F71-A7B3-B2EEA574CF69}"
EndProject
Project("{FAE04EC0-301F-11D3-BF4B-00C04F79EFBC}") = "Problem_2.Bank_of_Kurtovo_Konare", "Problem_2.Bank_of_Kurtovo_Konare\Problem_2.Bank_of_Kurtovo_Konare.csproj", "{AD94B814-CB99-4A96-9F81-D67240E6A705}"
EndProject
Project("{FAE04EC0-301F-11D3-BF4B-00C04F79EFBC}") = "Problem1_Shapes", "Problem1_Shapes\Problem1_Shapes.csproj", "{C3A61E9B-F9ED-4338-A7D7-BA91C0710D70}"
EndProject
Project("{FAE04EC0-301F-11D3-BF4B-00C04F79EFBC}") = "TheSlum", "TheSlum\TheSlum.csproj", "{9398013B-7143-46E5-8976-DAA86D703E47}"
EndProject
Global
	GlobalSection(SolutionConfigurationPlatforms) = preSolution
		Debug|Any CPU = Debug|Any CPU
		Release|Any CPU = Release|Any CPU
	EndGlobalSection
	GlobalSection(ProjectConfigurationPlatforms) = postSolution
		{3712C0E2-1E52-4F71-A7B3-B2EEA574CF69}.Debug|Any CPU.ActiveCfg = Debug|Any CPU
		{3712C0E2-1E52-4F71-A7B3-B2EEA574CF69}.Debug|Any CPU.Build.0 = Debug|Any CPU
		{3712C0E2-1E52-4F71-A7B3-B2EEA574CF69}.Release|Any CPU.ActiveCfg = Release|Any CPU
		{3712C0E2-1E52-4F71-A7B3-B2EEA574CF69}.Release|Any CPU.Build.0 = Release|Any CPU
		{AD94B814-CB99-4A96-9F81-D67240E6A705}.Debug|Any CPU.ActiveCfg = Debug|Any CPU
		{AD94B814-CB99-4A96-9F81-D67240E6A705}.Debug|Any CPU.Build.0 = Debug|Any CPU
		{AD94B814-CB99-4A96-9F81-D67240E6A705}.Release|Any CPU.ActiveCfg = Release|Any CPU
		{AD94B814-CB99-4A96-9F81-D67240E6A705}.Release|Any CPU.Build.0 = Release|Any CPU
		{C3A61E9B-F9ED-4338-A7D7-BA91C0710D70}.Debug|Any CPU.ActiveCfg = Debug|Any CPU
		{C3A61E9B-F9ED-4338-A7D7-BA91C0710D70}.Debug|Any CPU.Build.0 = Debug|Any CPU
		{C3A61E9B-F9ED-4338-A7D7-BA91C0710D70}.Release|Any CPU.ActiveCfg = Release|Any CPU
		{C3A61E9B-F9ED-4338-A7D7-BA91C0710D70}.Release|Any CPU.Build.0 = Release|Any CPU
		{9398013B-7143-46E5-8976-DAA86D703E47}.Debug|Any CPU.ActiveCfg = Debug|Any CPU
		{9398013B-7143-46E5-8976-DAA86D703E47}.Debug|Any CPU.Build.0 = Debug|Any CPU
		{9398013B-7143-46E5-8976-DAA86D703E47}.Release|Any CPU.ActiveCfg = Release|Any CPU
		{9398013B-7143-46E5-8976-DAA86D703E47}.Release|Any CPU.Build.0 = Release|Any CPU
	EndGlobalSection
	GlobalSection(SolutionProperties) = preSolution
		HideSolutionNode = FALSE
	EndGlobalSection
EndGlobal
