
Microsoft Visual Studio Solution File, Format Version 12.00
# Visual Studio 2012
Project("{FAE04EC0-301F-11D3-BF4B-00C04F79EFBC}") = "Problem1_SquareRoot", "ExceptionHandling_HW\Problem1_SquareRoot.csproj", "{4088E068-DD22-4489-AAC1-C5ACB5859B69}"
EndProject
Project("{FAE04EC0-301F-11D3-BF4B-00C04F79EFBC}") = "Problem2_EnterNumbers", "Problem2_EnterNumbers\Problem2_EnterNumbers.csproj", "{5AE96FE0-6B90-4B7B-BE1A-7BE956063817}"
EndProject
Global
	GlobalSection(SolutionConfigurationPlatforms) = preSolution
		Debug|Any CPU = Debug|Any CPU
		Release|Any CPU = Release|Any CPU
	EndGlobalSection
	GlobalSection(ProjectConfigurationPlatforms) = postSolution
		{4088E068-DD22-4489-AAC1-C5ACB5859B69}.Debug|Any CPU.ActiveCfg = Debug|Any CPU
		{4088E068-DD22-4489-AAC1-C5ACB5859B69}.Debug|Any CPU.Build.0 = Debug|Any CPU
		{4088E068-DD22-4489-AAC1-C5ACB5859B69}.Release|Any CPU.ActiveCfg = Release|Any CPU
		{4088E068-DD22-4489-AAC1-C5ACB5859B69}.Release|Any CPU.Build.0 = Release|Any CPU
		{5AE96FE0-6B90-4B7B-BE1A-7BE956063817}.Debug|Any CPU.ActiveCfg = Debug|Any CPU
		{5AE96FE0-6B90-4B7B-BE1A-7BE956063817}.Debug|Any CPU.Build.0 = Debug|Any CPU
		{5AE96FE0-6B90-4B7B-BE1A-7BE956063817}.Release|Any CPU.ActiveCfg = Release|Any CPU
		{5AE96FE0-6B90-4B7B-BE1A-7BE956063817}.Release|Any CPU.Build.0 = Release|Any CPU
	EndGlobalSection
	GlobalSection(SolutionProperties) = preSolution
		HideSolutionNode = FALSE
	EndGlobalSection
EndGlobal
