
Microsoft Visual Studio Solution File, Format Version 12.00
# Visual Studio 2012
Project("{FAE04EC0-301F-11D3-BF4B-00C04F79EFBC}") = "HTML5Tables_Homework", "HTML5Tables_Homework\HTML5Tables_Homework.csproj", "{7E2FFF31-70A7-4DA8-B0F1-9441B0379922}"
EndProject
Global
	GlobalSection(SolutionConfigurationPlatforms) = preSolution
		Debug|Any CPU = Debug|Any CPU
		Release|Any CPU = Release|Any CPU
	EndGlobalSection
	GlobalSection(ProjectConfigurationPlatforms) = postSolution
		{7E2FFF31-70A7-4DA8-B0F1-9441B0379922}.Debug|Any CPU.ActiveCfg = Debug|Any CPU
		{7E2FFF31-70A7-4DA8-B0F1-9441B0379922}.Debug|Any CPU.Build.0 = Debug|Any CPU
		{7E2FFF31-70A7-4DA8-B0F1-9441B0379922}.Release|Any CPU.ActiveCfg = Release|Any CPU
		{7E2FFF31-70A7-4DA8-B0F1-9441B0379922}.Release|Any CPU.Build.0 = Release|Any CPU
	EndGlobalSection
	GlobalSection(SolutionProperties) = preSolution
		HideSolutionNode = FALSE
	EndGlobalSection
EndGlobal
