
Microsoft Visual Studio Solution File, Format Version 12.00
# Visual Studio 2012
Project("{FAE04EC0-301F-11D3-BF4B-00C04F79EFBC}") = "BattleShips_Game", "BattleShips_Game\BattleShips_Game.csproj", "{7E80A6CE-A8DB-49DB-B457-09EB16083A9C}"
EndProject
Global
	GlobalSection(SolutionConfigurationPlatforms) = preSolution
		Debug|Any CPU = Debug|Any CPU
		Release|Any CPU = Release|Any CPU
	EndGlobalSection
	GlobalSection(ProjectConfigurationPlatforms) = postSolution
		{7E80A6CE-A8DB-49DB-B457-09EB16083A9C}.Debug|Any CPU.ActiveCfg = Debug|Any CPU
		{7E80A6CE-A8DB-49DB-B457-09EB16083A9C}.Debug|Any CPU.Build.0 = Debug|Any CPU
		{7E80A6CE-A8DB-49DB-B457-09EB16083A9C}.Release|Any CPU.ActiveCfg = Release|Any CPU
		{7E80A6CE-A8DB-49DB-B457-09EB16083A9C}.Release|Any CPU.Build.0 = Release|Any CPU
	EndGlobalSection
	GlobalSection(SolutionProperties) = preSolution
		HideSolutionNode = FALSE
	EndGlobalSection
EndGlobal
